
Microsoft Visual Studio Solution File, Format Version 12.00
# Visual Studio 2017
Project("{FAE04EC0-301F-11D3-BF4B-00C04F79EFBC}") = "ChuuninExam.Editor", "ChuuninExam.Editor.csproj", "{2DFFC1D8-4F62-8380-647E-D1EDFD604B8F}"
EndProject
Project("{FAE04EC0-301F-11D3-BF4B-00C04F79EFBC}") = "ChuuninExam.Editor", "ChuuninExam.Editor.csproj", "{2DFFC1D8-4F62-8380-647E-D1EDFD604B8F}"
EndProject
Project("{FAE04EC0-301F-11D3-BF4B-00C04F79EFBC}") = "ChuuninExam", "ChuuninExam.csproj", "{5D68005A-DA38-F8AA-DF65-3EF5CC910595}"
EndProject
Global
	GlobalSection(SolutionConfigurationPlatforms) = preSolution
		Debug|Any CPU = Debug|Any CPU
		Release|Any CPU = Release|Any CPU
	EndGlobalSection
	GlobalSection(ProjectConfigurationPlatforms) = postSolution
		{2DFFC1D8-4F62-8380-647E-D1EDFD604B8F}.Debug|Any CPU.ActiveCfg = Debug|Any CPU
		{2DFFC1D8-4F62-8380-647E-D1EDFD604B8F}.Debug|Any CPU.Build.0 = Debug|Any CPU
		{2DFFC1D8-4F62-8380-647E-D1EDFD604B8F}.Release|Any CPU.ActiveCfg = Release|Any CPU
		{2DFFC1D8-4F62-8380-647E-D1EDFD604B8F}.Release|Any CPU.Build.0 = Release|Any CPU
		{2DFFC1D8-4F62-8380-647E-D1EDFD604B8F}.Debug|Any CPU.ActiveCfg = Debug|Any CPU
		{2DFFC1D8-4F62-8380-647E-D1EDFD604B8F}.Debug|Any CPU.Build.0 = Debug|Any CPU
		{2DFFC1D8-4F62-8380-647E-D1EDFD604B8F}.Release|Any CPU.ActiveCfg = Release|Any CPU
		{2DFFC1D8-4F62-8380-647E-D1EDFD604B8F}.Release|Any CPU.Build.0 = Release|Any CPU
		{5D68005A-DA38-F8AA-DF65-3EF5CC910595}.Debug|Any CPU.ActiveCfg = Debug|Any CPU
		{5D68005A-DA38-F8AA-DF65-3EF5CC910595}.Debug|Any CPU.Build.0 = Debug|Any CPU
		{5D68005A-DA38-F8AA-DF65-3EF5CC910595}.Release|Any CPU.ActiveCfg = Release|Any CPU
		{5D68005A-DA38-F8AA-DF65-3EF5CC910595}.Release|Any CPU.Build.0 = Release|Any CPU
	EndGlobalSection
	GlobalSection(SolutionProperties) = preSolution
		HideSolutionNode = FALSE
	EndGlobalSection
EndGlobal
